
Microsoft Visual Studio Solution File, Format Version 12.00
# Visual Studio 15
VisualStudioVersion = 15.0.27130.2010
MinimumVisualStudioVersion = 10.0.40219.1
Project("{FAE04EC0-301F-11D3-BF4B-00C04F79EFBC}") = "NGOWeb_Beta", "NGOWeb_Beta\NGOWeb_Beta.csproj", "{46812E60-B9E8-442B-9740-9EEE99826613}"
EndProject
Project("{E53339B2-1760-4266-BCC7-CA923CBCF16C}") = "docker-compose", "docker-compose.dcproj", "{6C2E3137-232F-4AA9-BA4D-13CACEC5248D}"
EndProject
Global
	GlobalSection(SolutionConfigurationPlatforms) = preSolution
		Debug|Any CPU = Debug|Any CPU
		Release|Any CPU = Release|Any CPU
	EndGlobalSection
	GlobalSection(ProjectConfigurationPlatforms) = postSolution
		{46812E60-B9E8-442B-9740-9EEE99826613}.Debug|Any CPU.ActiveCfg = Debug|Any CPU
		{46812E60-B9E8-442B-9740-9EEE99826613}.Debug|Any CPU.Build.0 = Debug|Any CPU
		{46812E60-B9E8-442B-9740-9EEE99826613}.Release|Any CPU.ActiveCfg = Release|Any CPU
		{46812E60-B9E8-442B-9740-9EEE99826613}.Release|Any CPU.Build.0 = Release|Any CPU
		{6C2E3137-232F-4AA9-BA4D-13CACEC5248D}.Debug|Any CPU.ActiveCfg = Debug|Any CPU
		{6C2E3137-232F-4AA9-BA4D-13CACEC5248D}.Debug|Any CPU.Build.0 = Debug|Any CPU
		{6C2E3137-232F-4AA9-BA4D-13CACEC5248D}.Release|Any CPU.ActiveCfg = Release|Any CPU
		{6C2E3137-232F-4AA9-BA4D-13CACEC5248D}.Release|Any CPU.Build.0 = Release|Any CPU
	EndGlobalSection
	GlobalSection(SolutionProperties) = preSolution
		HideSolutionNode = FALSE
	EndGlobalSection
	GlobalSection(ExtensibilityGlobals) = postSolution
		SolutionGuid = {BFFBD46B-D1DF-484D-AE5D-549C39FDC9B2}
	EndGlobalSection
EndGlobal
